<Solution>
  <Configurations>
    <Platform Name="Any CPU" />
    <Platform Name="x64" />
    <Platform Name="x86" />
  </Configurations>
  <Folder Name="/native/" Id="02ea681e-c7d8-13c7-8484-4ac65e1b71e8">
    <File Path="native/AsyncMsgManager.h" />
    <File Path="native/IXingApi.h" />
    <File Path="native/XingApi.h" />
  </Folder>
  <Project Path="console_test/console_test.vcxproj" Id="21bf7995-c4f0-40c1-9ca2-1a9eb6b271aa">
    <Platform Solution="Debug|Any CPU" Project="Win32" />
  </Project>
  <Project Path="LS.XingApi/LS.XingApi.csproj" Id="8eac98d4-8404-4627-88ac-8f626984cbae" />
  <Project Path="xingAsync/xingAsync.pyproj" Type="888888a0-9f3d-457c-b088-3a5042f75d52" Id="2b61bde3-bd81-4a96-8c74-65c0c03d8427">
    <Platform Project="AnyCPU" />
    <Build Project="false" />
  </Project>
</Solution>
